
Microsoft Visual Studio Solution File, Format Version 12.00
# Visual Studio Version 17
VisualStudioVersion = 17.10.35027.167
MinimumVisualStudioVersion = 10.0.40219.1
Project("{FAE04EC0-301F-11D3-BF4B-00C04F79EFBC}") = "MyAPI", "MyAPI\MyAPI.csproj", "{477AD4F3-0128-4525-8D1F-B3FB2F158191}"
EndProject
Global
	GlobalSection(SolutionConfigurationPlatforms) = preSolution
		Debug|Any CPU = Debug|Any CPU
		Release|Any CPU = Release|Any CPU
	EndGlobalSection
	GlobalSection(ProjectConfigurationPlatforms) = postSolution
		{477AD4F3-0128-4525-8D1F-B3FB2F158191}.Debug|Any CPU.ActiveCfg = Debug|Any CPU
		{477AD4F3-0128-4525-8D1F-B3FB2F158191}.Debug|Any CPU.Build.0 = Debug|Any CPU
		{477AD4F3-0128-4525-8D1F-B3FB2F158191}.Release|Any CPU.ActiveCfg = Release|Any CPU
		{477AD4F3-0128-4525-8D1F-B3FB2F158191}.Release|Any CPU.Build.0 = Release|Any CPU
	EndGlobalSection
	GlobalSection(SolutionProperties) = preSolution
		HideSolutionNode = FALSE
	EndGlobalSection
	GlobalSection(ExtensibilityGlobals) = postSolution
		SolutionGuid = {21E717D4-510E-408F-A909-F51A9F2E2D03}
	EndGlobalSection
EndGlobal
